// !$*UTF8*$!
{
	archiveVersion = 1;
	classes = {
	};
	objectVersion = 48;
	objects = {

/* Begin PBXBuildFile section */
		A94CC37B2045F6290080A9E3 /* AppDelegate.swift in Sources */ = {isa = PBXBuildFile; fileRef = A94CC37A2045F6290080A9E3 /* AppDelegate.swift */; };
		A94CC37D2045F6290080A9E3 /* ViewController.swift in Sources */ = {isa = PBXBuildFile; fileRef = A94CC37C2045F6290080A9E3 /* ViewController.swift */; };
		A94CC3802045F6290080A9E3 /* Main.storyboard in Resources */ = {isa = PBXBuildFile; fileRef = A94CC37E2045F6290080A9E3 /* Main.storyboard */; };
		A94CC3832045F62A0080A9E3 /* projectCollection.xcdatamodeld in Sources */ = {isa = PBXBuildFile; fileRef = A94CC3812045F6290080A9E3 /* projectCollection.xcdatamodeld */; };
		A94CC3852045F62A0080A9E3 /* Assets.xcassets in Resources */ = {isa = PBXBuildFile; fileRef = A94CC3842045F62A0080A9E3 /* Assets.xcassets */; };
		A94CC3882045F62A0080A9E3 /* LaunchScreen.storyboard in Resources */ = {isa = PBXBuildFile; fileRef = A94CC3862045F62A0080A9E3 /* LaunchScreen.storyboard */; };
/* End PBXBuildFile section */

/* Begin PBXFileReference section */
		A94CC3772045F6290080A9E3 /* projectCollection.app */ = {isa = PBXFileReference; explicitFileType = wrapper.application; includeInIndex = 0; path = projectCollection.app; sourceTree = BUILT_PRODUCTS_DIR; };
		A94CC37A2045F6290080A9E3 /* AppDelegate.swift */ = {isa = PBXFileReference; lastKnownFileType = sourcecode.swift; path = AppDelegate.swift; sourceTree = "<group>"; };
		A94CC37C2045F6290080A9E3 /* ViewController.swift */ = {isa = PBXFileReference; lastKnownFileType = sourcecode.swift; path = ViewController.swift; sourceTree = "<group>"; };
		A94CC37F2045F6290080A9E3 /* Base */ = {isa = PBXFileReference; lastKnownFileType = file.storyboard; name = Base; path = Base.lproj/Main.storyboard; sourceTree = "<group>"; };
		A94CC3822045F6290080A9E3 /* projectCollection.xcdatamodel */ = {isa = PBXFileReference; lastKnownFileType = wrapper.xcdatamodel; path = projectCollection.xcdatamodel; sourceTree = "<group>"; };
		A94CC3842045F62A0080A9E3 /* Assets.xcassets */ = {isa = PBXFileReference; lastKnownFileType = folder.assetcatalog; path = Assets.xcassets; sourceTree = "<group>"; };
		A94CC3872045F62A0080A9E3 /* Base */ = {isa = PBXFileReference; lastKnownFileType = file.storyboard; name = Base; path = Base.lproj/LaunchScreen.storyboard; sourceTree = "<group>"; };
		A94CC3892045F62A0080A9E3 /* Info.plist */ = {isa = PBXFileReference; lastKnownFileType = text.plist.xml; path = Info.plist; sourceTree = "<group>"; };
/* End PBXFileReference section */

/* Begin PBXFrameworksBuildPhase section */
		A94CC3742045F6290080A9E3 /* Frameworks */ = {
			isa = PBXFrameworksBuildPhase;
			buildActionMask = 2147483647;
			files = (
			);
			runOnlyForDeploymentPostprocessing = 0;
		};
/* End PBXFrameworksBuildPhase section */

/* Begin PBXGroup section */
		A94CC36E2045F6290080A9E3 = {
			isa = PBXGroup;
			children = (
				A94CC3792045F6290080A9E3 /* projectCollection */,
				A94CC3782045F6290080A9E3 /* Products */,
			);
			sourceTree = "<group>";
		};
		A94CC3782045F6290080A9E3 /* Products */ = {
			isa = PBXGroup;
			children = (
				A94CC3772045F6290080A9E3 /* projectCollection.app */,
			);
			name = Products;
			sourceTree = "<group>";
		};
		A94CC3792045F6290080A9E3 /* projectCollection */ = {
			isa = PBXGroup;
			children = (
				A94CC37A2045F6290080A9E3 /* AppDelegate.swift */,
				A94CC37C2045F6290080A9E3 /* ViewController.swift */,
				A94CC37E2045F6290080A9E3 /* Main.storyboard */,
				A94CC3842045F62A0080A9E3 /* Assets.xcassets */,
				A94CC3862045F62A0080A9E3 /* LaunchScreen.storyboard */,
				A94CC3892045F62A0080A9E3 /* Info.plist */,
				A94CC3812045F6290080A9E3 /* projectCollection.xcdatamodeld */,
			);
			path = projectCollection;
			sourceTree = "<group>";
		};
/* End PBXGroup section */

/* Begin PBXNativeTarget section */
		A94CC3762045F6290080A9E3 /* projectCollection */ = {
			isa = PBXNativeTarget;
			buildConfigurationList = A94CC38C2045F62A0080A9E3 /* Build configuration list for PBXNativeTarget "projectCollection" */;
			buildPhases = (
				A94CC3732045F6290080A9E3 /* Sources */,
				A94CC3742045F6290080A9E3 /* Frameworks */,
				A94CC3752045F6290080A9E3 /* Resources */,
			);
			buildRules = (
			);
			dependencies = (
			);
			name = projectCollection;
			productName = projectCollection;
			productReference = A94CC3772045F6290080A9E3 /* projectCollection.app */;
			productType = "com.apple.product-type.application";
		};
/* End PBXNativeTarget section */

/* Begin PBXProject section */
		A94CC36F2045F6290080A9E3 /* Project object */ = {
			isa = PBXProject;
			attributes = {
				LastSwiftUpdateCheck = 0920;
				LastUpgradeCheck = 0920;
				ORGANIZATIONNAME = "William Hettinger";
				TargetAttributes = {
					A94CC3762045F6290080A9E3 = {
						CreatedOnToolsVersion = 9.2;
						ProvisioningStyle = Automatic;
					};
				};
			};
			buildConfigurationList = A94CC3722045F6290080A9E3 /* Build configuration list for PBXProject "projectCollection" */;
			compatibilityVersion = "Xcode 8.0";
			developmentRegion = en;
			hasScannedForEncodings = 0;
			knownRegions = (
				en,
				Base,
			);
			mainGroup = A94CC36E2045F6290080A9E3;
			productRefGroup = A94CC3782045F6290080A9E3 /* Products */;
			projectDirPath = "";
			projectRoot = "";
			targets = (
				A94CC3762045F6290080A9E3 /* projectCollection */,
			);
		};
/* End PBXProject section */

/* Begin PBXResourcesBuildPhase section */
		A94CC3752045F6290080A9E3 /* Resources */ = {
			isa = PBXResourcesBuildPhase;
			buildActionMask = 2147483647;
			files = (
				A94CC3882045F62A0080A9E3 /* LaunchScreen.storyboard in Resources */,
				A94CC3852045F62A0080A9E3 /* Assets.xcassets in Resources */,
				A94CC3802045F6290080A9E3 /* Main.storyboard in Resources */,
			);
			runOnlyForDeploymentPostprocessing = 0;
		};
/* End PBXResourcesBuildPhase section */

/* Begin PBXSourcesBuildPhase section */
		A94CC3732045F6290080A9E3 /* Sources */ = {
			isa = PBXSourcesBuildPhase;
			buildActionMask = 2147483647;
			files = (
				A94CC37D2045F6290080A9E3 /* ViewController.swift in Sources */,
				A94CC37B2045F6290080A9E3 /* AppDelegate.swift in Sources */,
				A94CC3832045F62A0080A9E3 /* projectCollection.xcdatamodeld in Sources */,
			);
			runOnlyForDeploymentPostprocessing = 0;
		};
/* End PBXSourcesBuildPhase section */

/* Begin PBXVariantGroup section */
		A94CC37E2045F6290080A9E3 /* Main.storyboard */ = {
			isa = PBXVariantGroup;
			children = (
				A94CC37F2045F6290080A9E3 /* Base */,
			);
			name = Main.storyboard;
			sourceTree = "<group>";
		};
		A94CC3862045F62A0080A9E3 /* LaunchScreen.storyboard */ = {
			isa = PBXVariantGroup;
			children = (
				A94CC3872045F62A0080A9E3 /* Base */,
			);
			name = LaunchScreen.storyboard;
			sourceTree = "<group>";
		};
/* End PBXVariantGroup section */

/* Begin XCBuildConfiguration section */
		A94CC38A2045F62A0080A9E3 /* Debug */ = {
			isa = XCBuildConfiguration;
			buildSettings = {
				ALWAYS_SEARCH_USER_PATHS = NO;
				CLANG_ANALYZER_NONNULL = YES;
				CLANG_ANALYZER_NUMBER_OBJECT_CONVERSION = YES_AGGRESSIVE;
				CLANG_CXX_LANGUAGE_STANDARD = "gnu++14";
				CLANG_CXX_LIBRARY = "libc++";
				CLANG_ENABLE_MODULES = YES;
				CLANG_ENABLE_OBJC_ARC = YES;
				CLANG_WARN_BLOCK_CAPTURE_AUTORELEASING = YES;
				CLANG_WARN_BOOL_CONVERSION = YES;
				CLANG_WARN_COMMA = YES;
				CLANG_WARN_CONSTANT_CONVERSION = YES;
				CLANG_WARN_DIRECT_OBJC_ISA_USAGE = YES_ERROR;
				CLANG_WARN_DOCUMENTATION_COMMENTS = YES;
				CLANG_WARN_EMPTY_BODY = YES;
				CLANG_WARN_ENUM_CONVERSION = YES;
				CLANG_WARN_INFINITE_RECURSION = YES;
				CLANG_WARN_INT_CONVERSION = YES;
				CLANG_WARN_NON_LITERAL_NULL_CONVERSION = YES;
				CLANG_WARN_OBJC_LITERAL_CONVERSION = YES;
				CLANG_WARN_OBJC_ROOT_CLASS = YES_ERROR;
				CLANG_WARN_RANGE_LOOP_ANALYSIS = YES;
				CLANG_WARN_STRICT_PROTOTYPES = YES;
				CLANG_WARN_SUSPICIOUS_MOVE = YES;
				CLANG_WARN_UNGUARDED_AVAILABILITY = YES_AGGRESSIVE;
				CLANG_WARN_UNREACHABLE_CODE = YES;
				CLANG_WARN__DUPLICATE_METHOD_MATCH = YES;
				CODE_SIGN_IDENTITY = "iPhone Developer";
				COPY_PHASE_STRIP = NO;
				DEBUG_INFORMATION_FORMAT = dwarf;
				ENABLE_STRICT_OBJC_MSGSEND = YES;
				ENABLE_TESTABILITY = YES;
				GCC_C_LANGUAGE_STANDARD = gnu11;
				GCC_DYNAMIC_NO_PIC = NO;
				GCC_NO_COMMON_BLOCKS = YES;
				GCC_OPTIMIZATION_LEVEL = 0;
				GCC_PREPROCESSOR_DEFINITIONS = (
					"DEBUG=1",
					"$(inherited)",
				);
				GCC_WARN_64_TO_32_BIT_CONVERSION = YES;
				GCC_WARN_ABOUT_RETURN_TYPE = YES_ERROR;
				GCC_WARN_UNDECLARED_SELECTOR = YES;
				GCC_WARN_UNINITIALIZED_AUTOS = YES_AGGRESSIVE;
				GCC_WARN_UNUSED_FUNCTION = YES;
				GCC_WARN_UNUSED_VARIABLE = YES;
				IPHONEOS_DEPLOYMENT_TARGET = 11.2;
				MTL_ENABLE_DEBUG_INFO = YES;
				ONLY_ACTIVE_ARCH = YES;
				SDKROOT = iphoneos;
				SWIFT_ACTIVE_COMPILATION_CONDITIONS = DEBUG;
				SWIFT_OPTIMIZATION_LEVEL = "-Onone";
			};
			name = Debug;
		};
		A94CC38B2045F62A0080A9E3 /* Release */ = {
			isa = XCBuildConfiguration;
			buildSettings = {
				ALWAYS_SEARCH_USER_PATHS = NO;
				CLANG_ANALYZER_NONNULL = YES;
				CLANG_ANALYZER_NUMBER_OBJECT_CONVERSION = YES_AGGRESSIVE;
				CLANG_CXX_LANGUAGE_STANDARD = "gnu++14";
				CLANG_CXX_LIBRARY = "libc++";
				CLANG_ENABLE_MODULES = YES;
				CLANG_ENABLE_OBJC_ARC = YES;
				CLANG_WARN_BLOCK_CAPTURE_AUTORELEASING = YES;
				CLANG_WARN_BOOL_CONVERSION = YES;
				CLANG_WARN_COMMA = YES;
				CLANG_WARN_CONSTANT_CONVERSION = YES;
				CLANG_WARN_DIRECT_OBJC_ISA_USAGE = YES_ERROR;
				CLANG_WARN_DOCUMENTATION_COMMENTS = YES;
				CLANG_WARN_EMPTY_BODY = YES;
				CLANG_WARN_ENUM_CONVERSION = YES;
				CLANG_WARN_INFINITE_RECURSION = YES;
				CLANG_WARN_INT_CONVERSION = YES;
				CLANG_WARN_NON_LITERAL_NULL_CONVERSION = YES;
				CLANG_WARN_OBJC_LITERAL_CONVERSION = YES;
				CLANG_WARN_OBJC_ROOT_CLASS = YES_ERROR;
				CLANG_WARN_RANGE_LOOP_ANALYSIS = YES;
				CLANG_WARN_STRICT_PROTOTYPES = YES;
				CLANG_WARN_SUSPICIOUS_MOVE = YES;
				CLANG_WARN_UNGUARDED_AVAILABILITY = YES_AGGRESSIVE;
				CLANG_WARN_UNREACHABLE_CODE = YES;
				CLANG_WARN__DUPLICATE_METHOD_MATCH = YES;
				CODE_SIGN_IDENTITY = "iPhone Developer";
				COPY_PHASE_STRIP = NO;
				DEBUG_INFORMATION_FORMAT = "dwarf-with-dsym";
				ENABLE_NS_ASSERTIONS = NO;
				ENABLE_STRICT_OBJC_MSGSEND = YES;
				GCC_C_LANGUAGE_STANDARD = gnu11;
				GCC_NO_COMMON_BLOCKS = YES;
				GCC_WARN_64_TO_32_BIT_CONVERSION = YES;
				GCC_WARN_ABOUT_RETURN_TYPE = YES_ERROR;
				GCC_WARN_UNDECLARED_SELECTOR = YES;
				GCC_WARN_UNINITIALIZED_AUTOS = YES_AGGRESSIVE;
				GCC_WARN_UNUSED_FUNCTION = YES;
				GCC_WARN_UNUSED_VARIABLE = YES;
				IPHONEOS_DEPLOYMENT_TARGET = 11.2;
				MTL_ENABLE_DEBUG_INFO = NO;
				SDKROOT = iphoneos;
				SWIFT_OPTIMIZATION_LEVEL = "-Owholemodule";
				VALIDATE_PRODUCT = YES;
			};
			name = Release;
		};
		A94CC38D2045F62A0080A9E3 /* Debug */ = {
			isa = XCBuildConfiguration;
			buildSettings = {
				ASSETCATALOG_COMPILER_APPICON_NAME = AppIcon;
				CODE_SIGN_STYLE = Automatic;
				DEVELOPMENT_TEAM = 6G8U3S3YV7;
				INFOPLIST_FILE = projectCollection/Info.plist;
				LD_RUNPATH_SEARCH_PATHS = "$(inherited) @executable_path/Frameworks";
				PRODUCT_BUNDLE_IDENTIFIER = com.williamhettinger.projectCollection;
				PRODUCT_NAME = "$(TARGET_NAME)";
				SWIFT_VERSION = 4.0;
				TARGETED_DEVICE_FAMILY = "1,2";
			};
			name = Debug;
		};
		A94CC38E2045F62A0080A9E3 /* Release */ = {
			isa = XCBuildConfiguration;
			buildSettings = {
				ASSETCATALOG_COMPILER_APPICON_NAME = AppIcon;
				CODE_SIGN_STYLE = Automatic;
				DEVELOPMENT_TEAM = 6G8U3S3YV7;
				INFOPLIST_FILE = projectCollection/Info.plist;
				LD_RUNPATH_SEARCH_PATHS = "$(inherited) @executable_path/Frameworks";
				PRODUCT_BUNDLE_IDENTIFIER = com.williamhettinger.projectCollection;
				PRODUCT_NAME = "$(TARGET_NAME)";
				SWIFT_VERSION = 4.0;
				TARGETED_DEVICE_FAMILY = "1,2";
			};
			name = Release;
		};
/* End XCBuildConfiguration section */

/* Begin XCConfigurationList section */
		A94CC3722045F6290080A9E3 /* Build configuration list for PBXProject "projectCollection" */ = {
			isa = XCConfigurationList;
			buildConfigurations = (
				A94CC38A2045F62A0080A9E3 /* Debug */,
				A94CC38B2045F62A0080A9E3 /* Release */,
			);
			defaultConfigurationIsVisible = 0;
			defaultConfigurationName = Release;
		};
		A94CC38C2045F62A0080A9E3 /* Build configuration list for PBXNativeTarget "projectCollection" */ = {
			isa = XCConfigurationList;
			buildConfigurations = (
				A94CC38D2045F62A0080A9E3 /* Debug */,
				A94CC38E2045F62A0080A9E3 /* Release */,
			);
			defaultConfigurationIsVisible = 0;
			defaultConfigurationName = Release;
		};
/* End XCConfigurationList section */

/* Begin XCVersionGroup section */
		A94CC3812045F6290080A9E3 /* projectCollection.xcdatamodeld */ = {
			isa = XCVersionGroup;
			children = (
				A94CC3822045F6290080A9E3 /* projectCollection.xcdatamodel */,
			);
			currentVersion = A94CC3822045F6290080A9E3 /* projectCollection.xcdatamodel */;
			path = projectCollection.xcdatamodeld;
			sourceTree = "<group>";
			versionGroupType = wrapper.xcdatamodel;
		};
/* End XCVersionGroup section */
	};
	rootObject = A94CC36F2045F6290080A9E3 /* Project object */;
}
